
Microsoft Visual Studio Solution File, Format Version 12.00
# Visual Studio Version 16
VisualStudioVersion = 16.0.31112.23
MinimumVisualStudioVersion = 10.0.40219.1
Project("{FAE04EC0-301F-11D3-BF4B-00C04F79EFBC}") = "Pattern switch", "Pattern switch\Pattern switch.csproj", "{F13D5865-FAB0-4B85-9BF6-670C1F4D59CC}"
EndProject
Global
	GlobalSection(SolutionConfigurationPlatforms) = preSolution
		Debug|Any CPU = Debug|Any CPU
		Release|Any CPU = Release|Any CPU
	EndGlobalSection
	GlobalSection(ProjectConfigurationPlatforms) = postSolution
		{F13D5865-FAB0-4B85-9BF6-670C1F4D59CC}.Debug|Any CPU.ActiveCfg = Debug|Any CPU
		{F13D5865-FAB0-4B85-9BF6-670C1F4D59CC}.Debug|Any CPU.Build.0 = Debug|Any CPU
		{F13D5865-FAB0-4B85-9BF6-670C1F4D59CC}.Release|Any CPU.ActiveCfg = Release|Any CPU
		{F13D5865-FAB0-4B85-9BF6-670C1F4D59CC}.Release|Any CPU.Build.0 = Release|Any CPU
	EndGlobalSection
	GlobalSection(SolutionProperties) = preSolution
		HideSolutionNode = FALSE
	EndGlobalSection
	GlobalSection(ExtensibilityGlobals) = postSolution
		SolutionGuid = {747ABB91-C971-4A95-9CAC-87B6B52A4FE3}
	EndGlobalSection
EndGlobal
